
Microsoft Visual Studio Solution File, Format Version 12.00
# Visual Studio Version 16
VisualStudioVersion = 16.0.31205.134
MinimumVisualStudioVersion = 10.0.40219.1
Project("{8BC9CEB8-8B4A-11D0-8D11-00A0C91BC942}") = "Racing_Thread", "Racing_Thread\Racing_Thread.vcxproj", "{51ED2C6B-D510-4602-A012-6056FD62CB60}"
EndProject
Global
	GlobalSection(SolutionConfigurationPlatforms) = preSolution
		Debug|x64 = Debug|x64
		Debug|x86 = Debug|x86
		Release|x64 = Release|x64
		Release|x86 = Release|x86
	EndGlobalSection
	GlobalSection(ProjectConfigurationPlatforms) = postSolution
		{51ED2C6B-D510-4602-A012-6056FD62CB60}.Debug|x64.ActiveCfg = Debug|x64
		{51ED2C6B-D510-4602-A012-6056FD62CB60}.Debug|x64.Build.0 = Debug|x64
		{51ED2C6B-D510-4602-A012-6056FD62CB60}.Debug|x86.ActiveCfg = Debug|Win32
		{51ED2C6B-D510-4602-A012-6056FD62CB60}.Debug|x86.Build.0 = Debug|Win32
		{51ED2C6B-D510-4602-A012-6056FD62CB60}.Release|x64.ActiveCfg = Release|x64
		{51ED2C6B-D510-4602-A012-6056FD62CB60}.Release|x64.Build.0 = Release|x64
		{51ED2C6B-D510-4602-A012-6056FD62CB60}.Release|x86.ActiveCfg = Release|Win32
		{51ED2C6B-D510-4602-A012-6056FD62CB60}.Release|x86.Build.0 = Release|Win32
	EndGlobalSection
	GlobalSection(SolutionProperties) = preSolution
		HideSolutionNode = FALSE
	EndGlobalSection
	GlobalSection(ExtensibilityGlobals) = postSolution
		SolutionGuid = {E463DC3B-6E2A-4A64-88BA-4FB8C9A574E1}
	EndGlobalSection
EndGlobal
